
Microsoft Visual Studio Solution File, Format Version 12.00
# Visual Studio Version 16
VisualStudioVersion = 16.0.30011.22
MinimumVisualStudioVersion = 10.0.40219.1
Project("{FAE04EC0-301F-11D3-BF4B-00C04F79EFBC}") = "Day12_OOP", "Day12_OOP\Day12_OOP.csproj", "{9E6212C4-A68A-4BD1-9218-BC1DBDB43457}"
EndProject
Global
	GlobalSection(SolutionConfigurationPlatforms) = preSolution
		Debug|Any CPU = Debug|Any CPU
		Release|Any CPU = Release|Any CPU
	EndGlobalSection
	GlobalSection(ProjectConfigurationPlatforms) = postSolution
		{9E6212C4-A68A-4BD1-9218-BC1DBDB43457}.Debug|Any CPU.ActiveCfg = Debug|Any CPU
		{9E6212C4-A68A-4BD1-9218-BC1DBDB43457}.Debug|Any CPU.Build.0 = Debug|Any CPU
		{9E6212C4-A68A-4BD1-9218-BC1DBDB43457}.Release|Any CPU.ActiveCfg = Release|Any CPU
		{9E6212C4-A68A-4BD1-9218-BC1DBDB43457}.Release|Any CPU.Build.0 = Release|Any CPU
	EndGlobalSection
	GlobalSection(SolutionProperties) = preSolution
		HideSolutionNode = FALSE
	EndGlobalSection
	GlobalSection(ExtensibilityGlobals) = postSolution
		SolutionGuid = {6CA36099-5754-4DD4-A416-8FE71EAA3B45}
	EndGlobalSection
EndGlobal
