
Microsoft Visual Studio Solution File, Format Version 12.00
# Visual Studio Version 16
VisualStudioVersion = 16.0.30011.22
MinimumVisualStudioVersion = 10.0.40219.1
Project("{FAE04EC0-301F-11D3-BF4B-00C04F79EFBC}") = "Day5_Arrays", "Day5_Arrays\Day5_Arrays.csproj", "{59A25061-2DED-456D-83C6-DC16BB348C0E}"
EndProject
Global
	GlobalSection(SolutionConfigurationPlatforms) = preSolution
		Debug|Any CPU = Debug|Any CPU
		Release|Any CPU = Release|Any CPU
	EndGlobalSection
	GlobalSection(ProjectConfigurationPlatforms) = postSolution
		{59A25061-2DED-456D-83C6-DC16BB348C0E}.Debug|Any CPU.ActiveCfg = Debug|Any CPU
		{59A25061-2DED-456D-83C6-DC16BB348C0E}.Debug|Any CPU.Build.0 = Debug|Any CPU
		{59A25061-2DED-456D-83C6-DC16BB348C0E}.Release|Any CPU.ActiveCfg = Release|Any CPU
		{59A25061-2DED-456D-83C6-DC16BB348C0E}.Release|Any CPU.Build.0 = Release|Any CPU
	EndGlobalSection
	GlobalSection(SolutionProperties) = preSolution
		HideSolutionNode = FALSE
	EndGlobalSection
	GlobalSection(ExtensibilityGlobals) = postSolution
		SolutionGuid = {31C658A6-3477-47E2-9A00-D03984B08393}
	EndGlobalSection
EndGlobal
