
Microsoft Visual Studio Solution File, Format Version 12.00
# Visual Studio Version 16
VisualStudioVersion = 16.0.30011.22
MinimumVisualStudioVersion = 10.0.40219.1
Project("{FAE04EC0-301F-11D3-BF4B-00C04F79EFBC}") = "Day1_MD", "Day1_MD\Day1_MD.csproj", "{9741BE7A-1EB4-4D23-A02A-4C6F117771E5}"
EndProject
Global
	GlobalSection(SolutionConfigurationPlatforms) = preSolution
		Debug|Any CPU = Debug|Any CPU
		Release|Any CPU = Release|Any CPU
	EndGlobalSection
	GlobalSection(ProjectConfigurationPlatforms) = postSolution
		{9741BE7A-1EB4-4D23-A02A-4C6F117771E5}.Debug|Any CPU.ActiveCfg = Debug|Any CPU
		{9741BE7A-1EB4-4D23-A02A-4C6F117771E5}.Debug|Any CPU.Build.0 = Debug|Any CPU
		{9741BE7A-1EB4-4D23-A02A-4C6F117771E5}.Release|Any CPU.ActiveCfg = Release|Any CPU
		{9741BE7A-1EB4-4D23-A02A-4C6F117771E5}.Release|Any CPU.Build.0 = Release|Any CPU
	EndGlobalSection
	GlobalSection(SolutionProperties) = preSolution
		HideSolutionNode = FALSE
	EndGlobalSection
	GlobalSection(ExtensibilityGlobals) = postSolution
		SolutionGuid = {6049DB32-549F-48F5-B545-C92B50C5913E}
	EndGlobalSection
EndGlobal
