
Microsoft Visual Studio Solution File, Format Version 12.00
# Visual Studio Version 16
VisualStudioVersion = 16.0.30011.22
MinimumVisualStudioVersion = 10.0.40219.1
Project("{FAE04EC0-301F-11D3-BF4B-00C04F79EFBC}") = "Day10_Algorythm", "Day10_Algorythm\Day10_Algorythm.csproj", "{27E9A113-6648-4BEE-ACF9-833E705C673F}"
EndProject
Global
	GlobalSection(SolutionConfigurationPlatforms) = preSolution
		Debug|Any CPU = Debug|Any CPU
		Release|Any CPU = Release|Any CPU
	EndGlobalSection
	GlobalSection(ProjectConfigurationPlatforms) = postSolution
		{27E9A113-6648-4BEE-ACF9-833E705C673F}.Debug|Any CPU.ActiveCfg = Debug|Any CPU
		{27E9A113-6648-4BEE-ACF9-833E705C673F}.Debug|Any CPU.Build.0 = Debug|Any CPU
		{27E9A113-6648-4BEE-ACF9-833E705C673F}.Release|Any CPU.ActiveCfg = Release|Any CPU
		{27E9A113-6648-4BEE-ACF9-833E705C673F}.Release|Any CPU.Build.0 = Release|Any CPU
	EndGlobalSection
	GlobalSection(SolutionProperties) = preSolution
		HideSolutionNode = FALSE
	EndGlobalSection
	GlobalSection(ExtensibilityGlobals) = postSolution
		SolutionGuid = {C0BCF36F-4FC0-47FD-8834-239BFC5632DF}
	EndGlobalSection
EndGlobal
