
Microsoft Visual Studio Solution File, Format Version 12.00
# Visual Studio Version 16
VisualStudioVersion = 16.0.30114.105
MinimumVisualStudioVersion = 10.0.40219.1
Project("{FAE04EC0-301F-11D3-BF4B-00C04F79EFBC}") = "Day15_IOWinForms", "Day15_IOWinForms\Day15_IOWinForms.csproj", "{89881411-2AE4-49D8-B1F8-477D3E0ABE1D}"
EndProject
Global
	GlobalSection(SolutionConfigurationPlatforms) = preSolution
		Debug|Any CPU = Debug|Any CPU
		Release|Any CPU = Release|Any CPU
	EndGlobalSection
	GlobalSection(ProjectConfigurationPlatforms) = postSolution
		{89881411-2AE4-49D8-B1F8-477D3E0ABE1D}.Debug|Any CPU.ActiveCfg = Debug|Any CPU
		{89881411-2AE4-49D8-B1F8-477D3E0ABE1D}.Debug|Any CPU.Build.0 = Debug|Any CPU
		{89881411-2AE4-49D8-B1F8-477D3E0ABE1D}.Release|Any CPU.ActiveCfg = Release|Any CPU
		{89881411-2AE4-49D8-B1F8-477D3E0ABE1D}.Release|Any CPU.Build.0 = Release|Any CPU
	EndGlobalSection
	GlobalSection(SolutionProperties) = preSolution
		HideSolutionNode = FALSE
	EndGlobalSection
	GlobalSection(ExtensibilityGlobals) = postSolution
		SolutionGuid = {922AD5BC-2753-4428-ADE7-C22042A9FBE9}
	EndGlobalSection
EndGlobal
