
Microsoft Visual Studio Solution File, Format Version 12.00
# Visual Studio Version 16
VisualStudioVersion = 16.0.30011.22
MinimumVisualStudioVersion = 10.0.40219.1
Project("{FAE04EC0-301F-11D3-BF4B-00C04F79EFBC}") = "Day9_ListsOfObjects", "Day9_ListsOfObjects\Day9_ListsOfObjects.csproj", "{DBB56224-7347-4C78-9C09-9A83BB485DC8}"
EndProject
Global
	GlobalSection(SolutionConfigurationPlatforms) = preSolution
		Debug|Any CPU = Debug|Any CPU
		Release|Any CPU = Release|Any CPU
	EndGlobalSection
	GlobalSection(ProjectConfigurationPlatforms) = postSolution
		{DBB56224-7347-4C78-9C09-9A83BB485DC8}.Debug|Any CPU.ActiveCfg = Debug|Any CPU
		{DBB56224-7347-4C78-9C09-9A83BB485DC8}.Debug|Any CPU.Build.0 = Debug|Any CPU
		{DBB56224-7347-4C78-9C09-9A83BB485DC8}.Release|Any CPU.ActiveCfg = Release|Any CPU
		{DBB56224-7347-4C78-9C09-9A83BB485DC8}.Release|Any CPU.Build.0 = Release|Any CPU
	EndGlobalSection
	GlobalSection(SolutionProperties) = preSolution
		HideSolutionNode = FALSE
	EndGlobalSection
	GlobalSection(ExtensibilityGlobals) = postSolution
		SolutionGuid = {309CCD13-1E98-47C9-929C-790A96895942}
	EndGlobalSection
EndGlobal
